
Microsoft Visual Studio Solution File, Format Version 12.00
# Visual Studio 15
VisualStudioVersion = 15.0.27703.2026
MinimumVisualStudioVersion = 10.0.40219.1
Project("{FAE04EC0-301F-11D3-BF4B-00C04F79EFBC}") = "FacadeTest", "Facade\FacadeTest.csproj", "{3C353A02-CB47-4506-90B6-7D10EF299782}"
EndProject
Project("{FAE04EC0-301F-11D3-BF4B-00C04F79EFBC}") = "DifficultLibrary", "DifficultLibrary\DifficultLibrary.csproj", "{BF7D3635-D9DA-41D2-9BAE-8772180B5879}"
EndProject
Project("{FAE04EC0-301F-11D3-BF4B-00C04F79EFBC}") = "Facade", "FacadeObject\Facade.csproj", "{5B564DE9-7A58-4730-8D3C-EC464D574905}"
EndProject
Global
	GlobalSection(SolutionConfigurationPlatforms) = preSolution
		Debug|Any CPU = Debug|Any CPU
		Release|Any CPU = Release|Any CPU
	EndGlobalSection
	GlobalSection(ProjectConfigurationPlatforms) = postSolution
		{3C353A02-CB47-4506-90B6-7D10EF299782}.Debug|Any CPU.ActiveCfg = Debug|Any CPU
		{3C353A02-CB47-4506-90B6-7D10EF299782}.Debug|Any CPU.Build.0 = Debug|Any CPU
		{3C353A02-CB47-4506-90B6-7D10EF299782}.Release|Any CPU.ActiveCfg = Release|Any CPU
		{3C353A02-CB47-4506-90B6-7D10EF299782}.Release|Any CPU.Build.0 = Release|Any CPU
		{BF7D3635-D9DA-41D2-9BAE-8772180B5879}.Debug|Any CPU.ActiveCfg = Debug|Any CPU
		{BF7D3635-D9DA-41D2-9BAE-8772180B5879}.Debug|Any CPU.Build.0 = Debug|Any CPU
		{BF7D3635-D9DA-41D2-9BAE-8772180B5879}.Release|Any CPU.ActiveCfg = Release|Any CPU
		{BF7D3635-D9DA-41D2-9BAE-8772180B5879}.Release|Any CPU.Build.0 = Release|Any CPU
		{5B564DE9-7A58-4730-8D3C-EC464D574905}.Debug|Any CPU.ActiveCfg = Debug|Any CPU
		{5B564DE9-7A58-4730-8D3C-EC464D574905}.Debug|Any CPU.Build.0 = Debug|Any CPU
		{5B564DE9-7A58-4730-8D3C-EC464D574905}.Release|Any CPU.ActiveCfg = Release|Any CPU
		{5B564DE9-7A58-4730-8D3C-EC464D574905}.Release|Any CPU.Build.0 = Release|Any CPU
	EndGlobalSection
	GlobalSection(SolutionProperties) = preSolution
		HideSolutionNode = FALSE
	EndGlobalSection
	GlobalSection(ExtensibilityGlobals) = postSolution
		SolutionGuid = {CBBAE5A1-BC50-4118-8493-088DED4735AE}
	EndGlobalSection
EndGlobal
